
Microsoft Visual Studio Solution File, Format Version 12.00
# Visual Studio Version 17
VisualStudioVersion = 17.8.34309.116
MinimumVisualStudioVersion = 10.0.40219.1
Project("{FAE04EC0-301F-11D3-BF4B-00C04F79EFBC}") = "ApiCrudCliente", "ApiCrudCliente.csproj", "{D9AF56F3-32D7-49A2-A40E-3D9EECAE5ECF}"
EndProject
Global
	GlobalSection(SolutionConfigurationPlatforms) = preSolution
		Debug|Any CPU = Debug|Any CPU
		Release|Any CPU = Release|Any CPU
	EndGlobalSection
	GlobalSection(ProjectConfigurationPlatforms) = postSolution
		{D9AF56F3-32D7-49A2-A40E-3D9EECAE5ECF}.Debug|Any CPU.ActiveCfg = Debug|Any CPU
		{D9AF56F3-32D7-49A2-A40E-3D9EECAE5ECF}.Debug|Any CPU.Build.0 = Debug|Any CPU
		{D9AF56F3-32D7-49A2-A40E-3D9EECAE5ECF}.Release|Any CPU.ActiveCfg = Release|Any CPU
		{D9AF56F3-32D7-49A2-A40E-3D9EECAE5ECF}.Release|Any CPU.Build.0 = Release|Any CPU
	EndGlobalSection
	GlobalSection(SolutionProperties) = preSolution
		HideSolutionNode = FALSE
	EndGlobalSection
	GlobalSection(ExtensibilityGlobals) = postSolution
		SolutionGuid = {CAB28244-A5A7-4D24-B151-BE653B4AFE6D}
	EndGlobalSection
EndGlobal
